
Microsoft Visual Studio Solution File, Format Version 12.00
# Visual Studio Version 17
VisualStudioVersion = 17.1.32210.238
MinimumVisualStudioVersion = 10.0.40219.1
Project("{FAE04EC0-301F-11D3-BF4B-00C04F79EFBC}") = "SeleniumDemo", "SeleniumDemo.csproj", "{F60AD8BC-9464-444A-96AC-15B07117751C}"
EndProject
Global
	GlobalSection(SolutionConfigurationPlatforms) = preSolution
		Debug|Any CPU = Debug|Any CPU
		Release|Any CPU = Release|Any CPU
	EndGlobalSection
	GlobalSection(ProjectConfigurationPlatforms) = postSolution
		{F60AD8BC-9464-444A-96AC-15B07117751C}.Debug|Any CPU.ActiveCfg = Debug|Any CPU
		{F60AD8BC-9464-444A-96AC-15B07117751C}.Debug|Any CPU.Build.0 = Debug|Any CPU
		{F60AD8BC-9464-444A-96AC-15B07117751C}.Release|Any CPU.ActiveCfg = Release|Any CPU
		{F60AD8BC-9464-444A-96AC-15B07117751C}.Release|Any CPU.Build.0 = Release|Any CPU
	EndGlobalSection
	GlobalSection(SolutionProperties) = preSolution
		HideSolutionNode = FALSE
	EndGlobalSection
	GlobalSection(ExtensibilityGlobals) = postSolution
		SolutionGuid = {7CC45AFB-8F86-487A-9B9D-C46A8B2F138A}
	EndGlobalSection
EndGlobal
